<?xml version="1.0" encoding="utf-8"?>
<Project ToolsVersion="4.0" xmlns="http://schemas.microsoft.com/developer/msbuild/2003">
  <ItemGroup>
    <Filter Include="Source Files">
      <UniqueIdentifier>{4FC737F1-C7A5-4376-A066-2A32D752A2FF}</UniqueIdentifier>
      <Extensions>cpp;c;cc;cxx;def;odl;idl;hpj;bat;asm;asmx</Extensions>
    </Filter>
    <Filter Include="Header Files">
      <UniqueIdentifier>{93995380-89BD-4b04-88EB-625FBE52EBFB}</UniqueIdentifier>
      <Extensions>h;hh;hpp;hxx;hm;inl;inc;xsd</Extensions>
    </Filter>
    <Filter Include="Resource Files">
      <UniqueIdentifier>{67DA6AB6-F800-4c08-8B7A-83BB121AAD01}</UniqueIdentifier>
      <Extensions>rc;ico;cur;bmp;dlg;rc2;rct;bin;rgs;gif;jpg;jpeg;jpe;resx;tiff;tif;png;wav;mfcribbon-ms</Extensions>
    </Filter>
    <Filter Include="Resource Files\Sounds">
      <UniqueIdentifier>{b8aee2b6-d569-49cc-a7a6-253f4ca38176}</UniqueIdentifier>
    </Filter>
    <Filter Include="Resource Files\Fonts">
      <UniqueIdentifier>{b29038d5-df65-4dfc-8192-3014c0ee8afc}</UniqueIdentifier>
    </Filter>
    <Filter Include="Resource Files\Textures">
      <UniqueIdentifier>{52f696ab-c1b8-4ae0-8f71-71e436975ecf}</UniqueIdentifier>
    </Filter>
  </ItemGroup>
  <ItemGroup>
    <ClInclude Include="..\include\character.h">
      <Filter>Header Files</Filter>
    </ClInclude>
    <ClInclude Include="..\include\font_manager.h">
      <Filter>Header Files</Filter>
    </ClInclude>
    <ClInclude Include="..\include\game.h">
      <Filter>Header Files</Filter>
    </ClInclude>
    <ClInclude Include="..\include\game_state.h">
      <Filter>Header Files</Filter>
    </ClInclude>
    <ClInclude Include="..\include\game_state_playing.h">
      <Filter>Header Files</Filter>
    </ClInclude>
    <ClInclude Include="..\include\sound_manager.h">
      <Filter>Header Files</Filter>
    </ClInclude>
    <ClInclude Include="..\include\texture_manager.h">
      <Filter>Header Files</Filter>
    </ClInclude>
    <ClInclude Include="..\include\vehicle.h">
      <Filter>Header Files</Filter>
    </ClInclude>
  </ItemGroup>
  <ItemGroup>
    <ClCompile Include="..\src\character.cpp">
      <Filter>Source Files</Filter>
    </ClCompile>
    <ClCompile Include="..\src\font_manager.cpp">
      <Filter>Source Files</Filter>
    </ClCompile>
    <ClCompile Include="..\src\game.cpp">
      <Filter>Source Files</Filter>
    </ClCompile>
    <ClCompile Include="..\src\game_state_playing.cpp">
      <Filter>Source Files</Filter>
    </ClCompile>
    <ClCompile Include="..\src\main.cpp">
      <Filter>Source Files</Filter>
    </ClCompile>
    <ClCompile Include="..\src\sound_manager.cpp">
      <Filter>Source Files</Filter>
    </ClCompile>
    <ClCompile Include="..\src\texture_manager.cpp">
      <Filter>Source Files</Filter>
    </ClCompile>
    <ClCompile Include="..\src\vehicle.cpp">
      <Filter>Source Files</Filter>
    </ClCompile>
  </ItemGroup>
  <ItemGroup>
    <Font Include="assets\fonts\arial.ttf">
      <Filter>Resource Files\Fonts</Filter>
    </Font>
    <Font Include="assets\fonts\GROBOLD.ttf">
      <Filter>Resource Files\Fonts</Filter>
    </Font>
  </ItemGroup>
  <ItemGroup>
    <Image Include="assets\textures\backgroundv4.png">
      <Filter>Resource Files\Textures</Filter>
    </Image>
    <Image Include="assets\textures\blue_truck.png">
      <Filter>Resource Files\Textures</Filter>
    </Image>
    <Image Include="assets\textures\blue-car.png">
      <Filter>Resource Files\Textures</Filter>
    </Image>
    <Image Include="assets\textures\cyan-car.png">
      <Filter>Resource Files\Textures</Filter>
    </Image>
    <Image Include="assets\textures\fade.png">
      <Filter>Resource Files\Textures</Filter>
    </Image>
    <Image Include="assets\textures\lime-car.png">
      <Filter>Resource Files\Textures</Filter>
    </Image>
    <Image Include="assets\textures\player1.png">
      <Filter>Resource Files\Textures</Filter>
    </Image>
    <Image Include="assets\textures\police-car.png">
      <Filter>Resource Files\Textures</Filter>
    </Image>
    <Image Include="assets\textures\red-car.png">
      <Filter>Resource Files\Textures</Filter>
    </Image>
    <Image Include="assets\textures\taxi-car.png">
      <Filter>Resource Files\Textures</Filter>
    </Image>
  </ItemGroup>
  <ItemGroup>
    <None Include="assets\sounds\music.ogg">
      <Filter>Resource Files\Sounds</Filter>
    </None>
  </ItemGroup>
</Project>